
Microsoft Visual Studio Solution File, Format Version 12.00
# Visual Studio 15
VisualStudioVersion = 15.0.28307.1145
MinimumVisualStudioVersion = 10.0.40219.1
Project("{FAE04EC0-301F-11D3-BF4B-00C04F79EFBC}") = "Kolokvijum 2", "Kolokvijum 2\Kolokvijum 2.csproj", "{411A697D-7A11-4F54-8BF2-EA061D4AD64D}"
EndProject
Global
	GlobalSection(SolutionConfigurationPlatforms) = preSolution
		Debug|Any CPU = Debug|Any CPU
		Release|Any CPU = Release|Any CPU
	EndGlobalSection
	GlobalSection(ProjectConfigurationPlatforms) = postSolution
		{411A697D-7A11-4F54-8BF2-EA061D4AD64D}.Debug|Any CPU.ActiveCfg = Debug|Any CPU
		{411A697D-7A11-4F54-8BF2-EA061D4AD64D}.Debug|Any CPU.Build.0 = Debug|Any CPU
		{411A697D-7A11-4F54-8BF2-EA061D4AD64D}.Release|Any CPU.ActiveCfg = Release|Any CPU
		{411A697D-7A11-4F54-8BF2-EA061D4AD64D}.Release|Any CPU.Build.0 = Release|Any CPU
	EndGlobalSection
	GlobalSection(SolutionProperties) = preSolution
		HideSolutionNode = FALSE
	EndGlobalSection
	GlobalSection(ExtensibilityGlobals) = postSolution
		SolutionGuid = {FA6CD9EF-585A-487A-A475-73BF9978CB1C}
	EndGlobalSection
EndGlobal
